# THIS IS AN AUTOGENERATED FILE. DO NOT EDIT THIS FILE DIRECTLY.
# yarn lockfile v1


miniprogram-api-typings@^2.10.2:
  version "2.10.2"
  resolved "https://registry.yarnpkg.com/miniprogram-api-typings/-/miniprogram-api-typings-2.10.2.tgz#a94995fd8c167b58dcc45bee46e600f543563ec2"
  integrity sha512-nb2vtGCVyNRJqR8C01RVg9H4qCuq5u2eCdEVjrSO1E9ZDonUApCePs3ZEtd0C8CbTuBmp5ZlGhX1Npnu5dxEfg==
